
Microsoft Visual Studio Solution File, Format Version 12.00
# Visual Studio Version 16
VisualStudioVersion = 16.0.30907.101
MinimumVisualStudioVersion = 10.0.40219.1
Project("{9A19103F-16F7-4668-BE54-9A1E7A4F7556}") = "Notification.Display", "Notification.Agent\Notification.Display.csproj", "{CDB29E21-F47F-4A20-AAD3-45103C87FA76}"
EndProject
Project("{9A19103F-16F7-4668-BE54-9A1E7A4F7556}") = "Notification.Cockpit", "Notification.Cockpit\Notification.Cockpit.csproj", "{5C284DAB-2C16-453E-B3F2-90936311CEA9}"
EndProject
Project("{9A19103F-16F7-4668-BE54-9A1E7A4F7556}") = "Notification.Brain", "Notification.Brain\Notification.Brain.csproj", "{8766F2ED-11D8-4B3F-A8EE-F5E15D1217CD}"
EndProject
Project("{9A19103F-16F7-4668-BE54-9A1E7A4F7556}") = "Notification.Data", "Notification.Data\Notification.Data.csproj", "{27580690-7639-4275-B7D7-0072188045D1}"
EndProject
Project("{9A19103F-16F7-4668-BE54-9A1E7A4F7556}") = "Notification.AgentSmith", "Notification.Watcher\Notification.AgentSmith.csproj", "{E000DF0F-AFB7-426F-822C-348EC05EAC3A}"
EndProject
Project("{C7167F0D-BC9F-4E6E-AFE1-012C56B48DB5}") = "Notification.Display.Installer", "Notification.Client.Installer\Notification.Display.Installer.wapproj", "{789B4D74-968A-4CAE-9902-C59010D17EA4}"
EndProject
Project("{2150E333-8FDC-42A3-9474-1A3956D46DE8}") = "Docker", "Docker", "{BE02502B-9F12-464D-83BE-8E56B5812133}"
EndProject
Project("{E53339B2-1760-4266-BCC7-CA923CBCF16C}") = "docker-compose", "docker-compose.dcproj", "{7BEA4B98-D109-476A-8A4C-2DBEE8B157C5}"
EndProject
Project("{9A19103F-16F7-4668-BE54-9A1E7A4F7556}") = "Notification.Engine", "Notification.Engine\Notification.Engine.csproj", "{779F0961-CD29-49A0-B6C1-4DDC07567960}"
EndProject
Project("{2150E333-8FDC-42A3-9474-1A3956D46DE8}") = "k8s", "k8s", "{F364D247-882B-43B0-B320-ED4158D7EECA}"
	ProjectSection(SolutionItems) = preProject
		k8s\deployment.yml = k8s\deployment.yml
		k8s\mssql-deploy.yaml = k8s\mssql-deploy.yaml
		k8s\redis-deploy.yml = k8s\redis-deploy.yml
	EndProjectSection
EndProject
Project("{FAE04EC0-301F-11D3-BF4B-00C04F79EFBC}") = "Notification.Display.Library", "Notification.Display.Library\Notification.Display.Library.csproj", "{8CB4F7EC-A370-452E-A5CD-9AD0C77839C7}"
EndProject
Project("{FAE04EC0-301F-11D3-BF4B-00C04F79EFBC}") = "Notification.Display.Wpf", "Notification.Display.Wpf\Notification.Display.Wpf.csproj", "{73416D43-AA9A-4686-B753-86ECF7E19ECE}"
EndProject
Global
	GlobalSection(SolutionConfigurationPlatforms) = preSolution
		Debug|Any CPU = Debug|Any CPU
		Debug|ARM = Debug|ARM
		Debug|ARM64 = Debug|ARM64
		Debug|x64 = Debug|x64
		Debug|x86 = Debug|x86
		Release|Any CPU = Release|Any CPU
		Release|ARM = Release|ARM
		Release|ARM64 = Release|ARM64
		Release|x64 = Release|x64
		Release|x86 = Release|x86
	EndGlobalSection
	GlobalSection(ProjectConfigurationPlatforms) = postSolution
		{CDB29E21-F47F-4A20-AAD3-45103C87FA76}.Debug|Any CPU.ActiveCfg = Debug|Any CPU
		{CDB29E21-F47F-4A20-AAD3-45103C87FA76}.Debug|Any CPU.Build.0 = Debug|Any CPU
		{CDB29E21-F47F-4A20-AAD3-45103C87FA76}.Debug|ARM.ActiveCfg = Debug|Any CPU
		{CDB29E21-F47F-4A20-AAD3-45103C87FA76}.Debug|ARM.Build.0 = Debug|Any CPU
		{CDB29E21-F47F-4A20-AAD3-45103C87FA76}.Debug|ARM64.ActiveCfg = Debug|Any CPU
		{CDB29E21-F47F-4A20-AAD3-45103C87FA76}.Debug|ARM64.Build.0 = Debug|Any CPU
		{CDB29E21-F47F-4A20-AAD3-45103C87FA76}.Debug|x64.ActiveCfg = Debug|Any CPU
		{CDB29E21-F47F-4A20-AAD3-45103C87FA76}.Debug|x64.Build.0 = Debug|Any CPU
		{CDB29E21-F47F-4A20-AAD3-45103C87FA76}.Debug|x86.ActiveCfg = Debug|Any CPU
		{CDB29E21-F47F-4A20-AAD3-45103C87FA76}.Debug|x86.Build.0 = Debug|Any CPU
		{CDB29E21-F47F-4A20-AAD3-45103C87FA76}.Release|Any CPU.ActiveCfg = Release|Any CPU
		{CDB29E21-F47F-4A20-AAD3-45103C87FA76}.Release|Any CPU.Build.0 = Release|Any CPU
		{CDB29E21-F47F-4A20-AAD3-45103C87FA76}.Release|ARM.ActiveCfg = Release|Any CPU
		{CDB29E21-F47F-4A20-AAD3-45103C87FA76}.Release|ARM.Build.0 = Release|Any CPU
		{CDB29E21-F47F-4A20-AAD3-45103C87FA76}.Release|ARM64.ActiveCfg = Release|Any CPU
		{CDB29E21-F47F-4A20-AAD3-45103C87FA76}.Release|ARM64.Build.0 = Release|Any CPU
		{CDB29E21-F47F-4A20-AAD3-45103C87FA76}.Release|x64.ActiveCfg = Release|Any CPU
		{CDB29E21-F47F-4A20-AAD3-45103C87FA76}.Release|x64.Build.0 = Release|Any CPU
		{CDB29E21-F47F-4A20-AAD3-45103C87FA76}.Release|x86.ActiveCfg = Release|Any CPU
		{CDB29E21-F47F-4A20-AAD3-45103C87FA76}.Release|x86.Build.0 = Release|Any CPU
		{5C284DAB-2C16-453E-B3F2-90936311CEA9}.Debug|Any CPU.ActiveCfg = Debug|Any CPU
		{5C284DAB-2C16-453E-B3F2-90936311CEA9}.Debug|Any CPU.Build.0 = Debug|Any CPU
		{5C284DAB-2C16-453E-B3F2-90936311CEA9}.Debug|ARM.ActiveCfg = Debug|Any CPU
		{5C284DAB-2C16-453E-B3F2-90936311CEA9}.Debug|ARM.Build.0 = Debug|Any CPU
		{5C284DAB-2C16-453E-B3F2-90936311CEA9}.Debug|ARM64.ActiveCfg = Debug|Any CPU
		{5C284DAB-2C16-453E-B3F2-90936311CEA9}.Debug|ARM64.Build.0 = Debug|Any CPU
		{5C284DAB-2C16-453E-B3F2-90936311CEA9}.Debug|x64.ActiveCfg = Debug|Any CPU
		{5C284DAB-2C16-453E-B3F2-90936311CEA9}.Debug|x64.Build.0 = Debug|Any CPU
		{5C284DAB-2C16-453E-B3F2-90936311CEA9}.Debug|x86.ActiveCfg = Debug|Any CPU
		{5C284DAB-2C16-453E-B3F2-90936311CEA9}.Debug|x86.Build.0 = Debug|Any CPU
		{5C284DAB-2C16-453E-B3F2-90936311CEA9}.Release|Any CPU.ActiveCfg = Release|Any CPU
		{5C284DAB-2C16-453E-B3F2-90936311CEA9}.Release|Any CPU.Build.0 = Release|Any CPU
		{5C284DAB-2C16-453E-B3F2-90936311CEA9}.Release|ARM.ActiveCfg = Release|Any CPU
		{5C284DAB-2C16-453E-B3F2-90936311CEA9}.Release|ARM.Build.0 = Release|Any CPU
		{5C284DAB-2C16-453E-B3F2-90936311CEA9}.Release|ARM64.ActiveCfg = Release|Any CPU
		{5C284DAB-2C16-453E-B3F2-90936311CEA9}.Release|ARM64.Build.0 = Release|Any CPU
		{5C284DAB-2C16-453E-B3F2-90936311CEA9}.Release|x64.ActiveCfg = Release|Any CPU
		{5C284DAB-2C16-453E-B3F2-90936311CEA9}.Release|x64.Build.0 = Release|Any CPU
		{5C284DAB-2C16-453E-B3F2-90936311CEA9}.Release|x86.ActiveCfg = Release|Any CPU
		{5C284DAB-2C16-453E-B3F2-90936311CEA9}.Release|x86.Build.0 = Release|Any CPU
		{8766F2ED-11D8-4B3F-A8EE-F5E15D1217CD}.Debug|Any CPU.ActiveCfg = Debug|Any CPU
		{8766F2ED-11D8-4B3F-A8EE-F5E15D1217CD}.Debug|Any CPU.Build.0 = Debug|Any CPU
		{8766F2ED-11D8-4B3F-A8EE-F5E15D1217CD}.Debug|ARM.ActiveCfg = Debug|Any CPU
		{8766F2ED-11D8-4B3F-A8EE-F5E15D1217CD}.Debug|ARM.Build.0 = Debug|Any CPU
		{8766F2ED-11D8-4B3F-A8EE-F5E15D1217CD}.Debug|ARM64.ActiveCfg = Debug|Any CPU
		{8766F2ED-11D8-4B3F-A8EE-F5E15D1217CD}.Debug|ARM64.Build.0 = Debug|Any CPU
		{8766F2ED-11D8-4B3F-A8EE-F5E15D1217CD}.Debug|x64.ActiveCfg = Debug|Any CPU
		{8766F2ED-11D8-4B3F-A8EE-F5E15D1217CD}.Debug|x64.Build.0 = Debug|Any CPU
		{8766F2ED-11D8-4B3F-A8EE-F5E15D1217CD}.Debug|x86.ActiveCfg = Debug|Any CPU
		{8766F2ED-11D8-4B3F-A8EE-F5E15D1217CD}.Debug|x86.Build.0 = Debug|Any CPU
		{8766F2ED-11D8-4B3F-A8EE-F5E15D1217CD}.Release|Any CPU.ActiveCfg = Release|Any CPU
		{8766F2ED-11D8-4B3F-A8EE-F5E15D1217CD}.Release|Any CPU.Build.0 = Release|Any CPU
		{8766F2ED-11D8-4B3F-A8EE-F5E15D1217CD}.Release|ARM.ActiveCfg = Release|Any CPU
		{8766F2ED-11D8-4B3F-A8EE-F5E15D1217CD}.Release|ARM.Build.0 = Release|Any CPU
		{8766F2ED-11D8-4B3F-A8EE-F5E15D1217CD}.Release|ARM64.ActiveCfg = Release|Any CPU
		{8766F2ED-11D8-4B3F-A8EE-F5E15D1217CD}.Release|ARM64.Build.0 = Release|Any CPU
		{8766F2ED-11D8-4B3F-A8EE-F5E15D1217CD}.Release|x64.ActiveCfg = Release|Any CPU
		{8766F2ED-11D8-4B3F-A8EE-F5E15D1217CD}.Release|x64.Build.0 = Release|Any CPU
		{8766F2ED-11D8-4B3F-A8EE-F5E15D1217CD}.Release|x86.ActiveCfg = Release|Any CPU
		{8766F2ED-11D8-4B3F-A8EE-F5E15D1217CD}.Release|x86.Build.0 = Release|Any CPU
		{27580690-7639-4275-B7D7-0072188045D1}.Debug|Any CPU.ActiveCfg = Debug|Any CPU
		{27580690-7639-4275-B7D7-0072188045D1}.Debug|Any CPU.Build.0 = Debug|Any CPU
		{27580690-7639-4275-B7D7-0072188045D1}.Debug|ARM.ActiveCfg = Debug|Any CPU
		{27580690-7639-4275-B7D7-0072188045D1}.Debug|ARM.Build.0 = Debug|Any CPU
		{27580690-7639-4275-B7D7-0072188045D1}.Debug|ARM64.ActiveCfg = Debug|Any CPU
		{27580690-7639-4275-B7D7-0072188045D1}.Debug|ARM64.Build.0 = Debug|Any CPU
		{27580690-7639-4275-B7D7-0072188045D1}.Debug|x64.ActiveCfg = Debug|Any CPU
		{27580690-7639-4275-B7D7-0072188045D1}.Debug|x64.Build.0 = Debug|Any CPU
		{27580690-7639-4275-B7D7-0072188045D1}.Debug|x86.ActiveCfg = Debug|Any CPU
		{27580690-7639-4275-B7D7-0072188045D1}.Debug|x86.Build.0 = Debug|Any CPU
		{27580690-7639-4275-B7D7-0072188045D1}.Release|Any CPU.ActiveCfg = Release|Any CPU
		{27580690-7639-4275-B7D7-0072188045D1}.Release|Any CPU.Build.0 = Release|Any CPU
		{27580690-7639-4275-B7D7-0072188045D1}.Release|ARM.ActiveCfg = Release|Any CPU
		{27580690-7639-4275-B7D7-0072188045D1}.Release|ARM.Build.0 = Release|Any CPU
		{27580690-7639-4275-B7D7-0072188045D1}.Release|ARM64.ActiveCfg = Release|Any CPU
		{27580690-7639-4275-B7D7-0072188045D1}.Release|ARM64.Build.0 = Release|Any CPU
		{27580690-7639-4275-B7D7-0072188045D1}.Release|x64.ActiveCfg = Release|Any CPU
		{27580690-7639-4275-B7D7-0072188045D1}.Release|x64.Build.0 = Release|Any CPU
		{27580690-7639-4275-B7D7-0072188045D1}.Release|x86.ActiveCfg = Release|Any CPU
		{27580690-7639-4275-B7D7-0072188045D1}.Release|x86.Build.0 = Release|Any CPU
		{E000DF0F-AFB7-426F-822C-348EC05EAC3A}.Debug|Any CPU.ActiveCfg = Debug|Any CPU
		{E000DF0F-AFB7-426F-822C-348EC05EAC3A}.Debug|Any CPU.Build.0 = Debug|Any CPU
		{E000DF0F-AFB7-426F-822C-348EC05EAC3A}.Debug|ARM.ActiveCfg = Debug|Any CPU
		{E000DF0F-AFB7-426F-822C-348EC05EAC3A}.Debug|ARM.Build.0 = Debug|Any CPU
		{E000DF0F-AFB7-426F-822C-348EC05EAC3A}.Debug|ARM64.ActiveCfg = Debug|Any CPU
		{E000DF0F-AFB7-426F-822C-348EC05EAC3A}.Debug|ARM64.Build.0 = Debug|Any CPU
		{E000DF0F-AFB7-426F-822C-348EC05EAC3A}.Debug|x64.ActiveCfg = Debug|Any CPU
		{E000DF0F-AFB7-426F-822C-348EC05EAC3A}.Debug|x64.Build.0 = Debug|Any CPU
		{E000DF0F-AFB7-426F-822C-348EC05EAC3A}.Debug|x86.ActiveCfg = Debug|Any CPU
		{E000DF0F-AFB7-426F-822C-348EC05EAC3A}.Debug|x86.Build.0 = Debug|Any CPU
		{E000DF0F-AFB7-426F-822C-348EC05EAC3A}.Release|Any CPU.ActiveCfg = Release|Any CPU
		{E000DF0F-AFB7-426F-822C-348EC05EAC3A}.Release|Any CPU.Build.0 = Release|Any CPU
		{E000DF0F-AFB7-426F-822C-348EC05EAC3A}.Release|ARM.ActiveCfg = Release|Any CPU
		{E000DF0F-AFB7-426F-822C-348EC05EAC3A}.Release|ARM.Build.0 = Release|Any CPU
		{E000DF0F-AFB7-426F-822C-348EC05EAC3A}.Release|ARM64.ActiveCfg = Release|Any CPU
		{E000DF0F-AFB7-426F-822C-348EC05EAC3A}.Release|ARM64.Build.0 = Release|Any CPU
		{E000DF0F-AFB7-426F-822C-348EC05EAC3A}.Release|x64.ActiveCfg = Release|Any CPU
		{E000DF0F-AFB7-426F-822C-348EC05EAC3A}.Release|x64.Build.0 = Release|Any CPU
		{E000DF0F-AFB7-426F-822C-348EC05EAC3A}.Release|x86.ActiveCfg = Release|Any CPU
		{E000DF0F-AFB7-426F-822C-348EC05EAC3A}.Release|x86.Build.0 = Release|Any CPU
		{789B4D74-968A-4CAE-9902-C59010D17EA4}.Debug|Any CPU.ActiveCfg = Debug|Any CPU
		{789B4D74-968A-4CAE-9902-C59010D17EA4}.Debug|Any CPU.Build.0 = Debug|Any CPU
		{789B4D74-968A-4CAE-9902-C59010D17EA4}.Debug|Any CPU.Deploy.0 = Debug|Any CPU
		{789B4D74-968A-4CAE-9902-C59010D17EA4}.Debug|ARM.ActiveCfg = Debug|ARM
		{789B4D74-968A-4CAE-9902-C59010D17EA4}.Debug|ARM.Build.0 = Debug|ARM
		{789B4D74-968A-4CAE-9902-C59010D17EA4}.Debug|ARM.Deploy.0 = Debug|ARM
		{789B4D74-968A-4CAE-9902-C59010D17EA4}.Debug|ARM64.ActiveCfg = Debug|ARM64
		{789B4D74-968A-4CAE-9902-C59010D17EA4}.Debug|ARM64.Build.0 = Debug|ARM64
		{789B4D74-968A-4CAE-9902-C59010D17EA4}.Debug|ARM64.Deploy.0 = Debug|ARM64
		{789B4D74-968A-4CAE-9902-C59010D17EA4}.Debug|x64.ActiveCfg = Debug|x64
		{789B4D74-968A-4CAE-9902-C59010D17EA4}.Debug|x64.Build.0 = Debug|x64
		{789B4D74-968A-4CAE-9902-C59010D17EA4}.Debug|x64.Deploy.0 = Debug|x64
		{789B4D74-968A-4CAE-9902-C59010D17EA4}.Debug|x86.ActiveCfg = Debug|x86
		{789B4D74-968A-4CAE-9902-C59010D17EA4}.Debug|x86.Build.0 = Debug|x86
		{789B4D74-968A-4CAE-9902-C59010D17EA4}.Debug|x86.Deploy.0 = Debug|x86
		{789B4D74-968A-4CAE-9902-C59010D17EA4}.Release|Any CPU.ActiveCfg = Release|Any CPU
		{789B4D74-968A-4CAE-9902-C59010D17EA4}.Release|Any CPU.Build.0 = Release|Any CPU
		{789B4D74-968A-4CAE-9902-C59010D17EA4}.Release|Any CPU.Deploy.0 = Release|Any CPU
		{789B4D74-968A-4CAE-9902-C59010D17EA4}.Release|ARM.ActiveCfg = Release|ARM
		{789B4D74-968A-4CAE-9902-C59010D17EA4}.Release|ARM.Build.0 = Release|ARM
		{789B4D74-968A-4CAE-9902-C59010D17EA4}.Release|ARM.Deploy.0 = Release|ARM
		{789B4D74-968A-4CAE-9902-C59010D17EA4}.Release|ARM64.ActiveCfg = Release|ARM64
		{789B4D74-968A-4CAE-9902-C59010D17EA4}.Release|ARM64.Build.0 = Release|ARM64
		{789B4D74-968A-4CAE-9902-C59010D17EA4}.Release|ARM64.Deploy.0 = Release|ARM64
		{789B4D74-968A-4CAE-9902-C59010D17EA4}.Release|x64.ActiveCfg = Release|x64
		{789B4D74-968A-4CAE-9902-C59010D17EA4}.Release|x64.Build.0 = Release|x64
		{789B4D74-968A-4CAE-9902-C59010D17EA4}.Release|x64.Deploy.0 = Release|x64
		{789B4D74-968A-4CAE-9902-C59010D17EA4}.Release|x86.ActiveCfg = Release|x86
		{789B4D74-968A-4CAE-9902-C59010D17EA4}.Release|x86.Build.0 = Release|x86
		{789B4D74-968A-4CAE-9902-C59010D17EA4}.Release|x86.Deploy.0 = Release|x86
		{7BEA4B98-D109-476A-8A4C-2DBEE8B157C5}.Debug|Any CPU.ActiveCfg = Debug|Any CPU
		{7BEA4B98-D109-476A-8A4C-2DBEE8B157C5}.Debug|Any CPU.Build.0 = Debug|Any CPU
		{7BEA4B98-D109-476A-8A4C-2DBEE8B157C5}.Debug|ARM.ActiveCfg = Debug|Any CPU
		{7BEA4B98-D109-476A-8A4C-2DBEE8B157C5}.Debug|ARM.Build.0 = Debug|Any CPU
		{7BEA4B98-D109-476A-8A4C-2DBEE8B157C5}.Debug|ARM64.ActiveCfg = Debug|Any CPU
		{7BEA4B98-D109-476A-8A4C-2DBEE8B157C5}.Debug|ARM64.Build.0 = Debug|Any CPU
		{7BEA4B98-D109-476A-8A4C-2DBEE8B157C5}.Debug|x64.ActiveCfg = Debug|Any CPU
		{7BEA4B98-D109-476A-8A4C-2DBEE8B157C5}.Debug|x64.Build.0 = Debug|Any CPU
		{7BEA4B98-D109-476A-8A4C-2DBEE8B157C5}.Debug|x86.ActiveCfg = Debug|Any CPU
		{7BEA4B98-D109-476A-8A4C-2DBEE8B157C5}.Debug|x86.Build.0 = Debug|Any CPU
		{7BEA4B98-D109-476A-8A4C-2DBEE8B157C5}.Release|Any CPU.ActiveCfg = Release|Any CPU
		{7BEA4B98-D109-476A-8A4C-2DBEE8B157C5}.Release|Any CPU.Build.0 = Release|Any CPU
		{7BEA4B98-D109-476A-8A4C-2DBEE8B157C5}.Release|ARM.ActiveCfg = Release|Any CPU
		{7BEA4B98-D109-476A-8A4C-2DBEE8B157C5}.Release|ARM.Build.0 = Release|Any CPU
		{7BEA4B98-D109-476A-8A4C-2DBEE8B157C5}.Release|ARM64.ActiveCfg = Release|Any CPU
		{7BEA4B98-D109-476A-8A4C-2DBEE8B157C5}.Release|ARM64.Build.0 = Release|Any CPU
		{7BEA4B98-D109-476A-8A4C-2DBEE8B157C5}.Release|x64.ActiveCfg = Release|Any CPU
		{7BEA4B98-D109-476A-8A4C-2DBEE8B157C5}.Release|x64.Build.0 = Release|Any CPU
		{7BEA4B98-D109-476A-8A4C-2DBEE8B157C5}.Release|x86.ActiveCfg = Release|Any CPU
		{7BEA4B98-D109-476A-8A4C-2DBEE8B157C5}.Release|x86.Build.0 = Release|Any CPU
		{779F0961-CD29-49A0-B6C1-4DDC07567960}.Debug|Any CPU.ActiveCfg = Debug|Any CPU
		{779F0961-CD29-49A0-B6C1-4DDC07567960}.Debug|Any CPU.Build.0 = Debug|Any CPU
		{779F0961-CD29-49A0-B6C1-4DDC07567960}.Debug|ARM.ActiveCfg = Debug|Any CPU
		{779F0961-CD29-49A0-B6C1-4DDC07567960}.Debug|ARM.Build.0 = Debug|Any CPU
		{779F0961-CD29-49A0-B6C1-4DDC07567960}.Debug|ARM64.ActiveCfg = Debug|Any CPU
		{779F0961-CD29-49A0-B6C1-4DDC07567960}.Debug|ARM64.Build.0 = Debug|Any CPU
		{779F0961-CD29-49A0-B6C1-4DDC07567960}.Debug|x64.ActiveCfg = Debug|Any CPU
		{779F0961-CD29-49A0-B6C1-4DDC07567960}.Debug|x64.Build.0 = Debug|Any CPU
		{779F0961-CD29-49A0-B6C1-4DDC07567960}.Debug|x86.ActiveCfg = Debug|Any CPU
		{779F0961-CD29-49A0-B6C1-4DDC07567960}.Debug|x86.Build.0 = Debug|Any CPU
		{779F0961-CD29-49A0-B6C1-4DDC07567960}.Release|Any CPU.ActiveCfg = Release|Any CPU
		{779F0961-CD29-49A0-B6C1-4DDC07567960}.Release|Any CPU.Build.0 = Release|Any CPU
		{779F0961-CD29-49A0-B6C1-4DDC07567960}.Release|ARM.ActiveCfg = Release|Any CPU
		{779F0961-CD29-49A0-B6C1-4DDC07567960}.Release|ARM.Build.0 = Release|Any CPU
		{779F0961-CD29-49A0-B6C1-4DDC07567960}.Release|ARM64.ActiveCfg = Release|Any CPU
		{779F0961-CD29-49A0-B6C1-4DDC07567960}.Release|ARM64.Build.0 = Release|Any CPU
		{779F0961-CD29-49A0-B6C1-4DDC07567960}.Release|x64.ActiveCfg = Release|Any CPU
		{779F0961-CD29-49A0-B6C1-4DDC07567960}.Release|x64.Build.0 = Release|Any CPU
		{779F0961-CD29-49A0-B6C1-4DDC07567960}.Release|x86.ActiveCfg = Release|Any CPU
		{779F0961-CD29-49A0-B6C1-4DDC07567960}.Release|x86.Build.0 = Release|Any CPU
		{8CB4F7EC-A370-452E-A5CD-9AD0C77839C7}.Debug|Any CPU.ActiveCfg = Debug|Any CPU
		{8CB4F7EC-A370-452E-A5CD-9AD0C77839C7}.Debug|Any CPU.Build.0 = Debug|Any CPU
		{8CB4F7EC-A370-452E-A5CD-9AD0C77839C7}.Debug|ARM.ActiveCfg = Debug|Any CPU
		{8CB4F7EC-A370-452E-A5CD-9AD0C77839C7}.Debug|ARM.Build.0 = Debug|Any CPU
		{8CB4F7EC-A370-452E-A5CD-9AD0C77839C7}.Debug|ARM64.ActiveCfg = Debug|Any CPU
		{8CB4F7EC-A370-452E-A5CD-9AD0C77839C7}.Debug|ARM64.Build.0 = Debug|Any CPU
		{8CB4F7EC-A370-452E-A5CD-9AD0C77839C7}.Debug|x64.ActiveCfg = Debug|Any CPU
		{8CB4F7EC-A370-452E-A5CD-9AD0C77839C7}.Debug|x64.Build.0 = Debug|Any CPU
		{8CB4F7EC-A370-452E-A5CD-9AD0C77839C7}.Debug|x86.ActiveCfg = Debug|Any CPU
		{8CB4F7EC-A370-452E-A5CD-9AD0C77839C7}.Debug|x86.Build.0 = Debug|Any CPU
		{8CB4F7EC-A370-452E-A5CD-9AD0C77839C7}.Release|Any CPU.ActiveCfg = Release|Any CPU
		{8CB4F7EC-A370-452E-A5CD-9AD0C77839C7}.Release|Any CPU.Build.0 = Release|Any CPU
		{8CB4F7EC-A370-452E-A5CD-9AD0C77839C7}.Release|ARM.ActiveCfg = Release|Any CPU
		{8CB4F7EC-A370-452E-A5CD-9AD0C77839C7}.Release|ARM.Build.0 = Release|Any CPU
		{8CB4F7EC-A370-452E-A5CD-9AD0C77839C7}.Release|ARM64.ActiveCfg = Release|Any CPU
		{8CB4F7EC-A370-452E-A5CD-9AD0C77839C7}.Release|ARM64.Build.0 = Release|Any CPU
		{8CB4F7EC-A370-452E-A5CD-9AD0C77839C7}.Release|x64.ActiveCfg = Release|Any CPU
		{8CB4F7EC-A370-452E-A5CD-9AD0C77839C7}.Release|x64.Build.0 = Release|Any CPU
		{8CB4F7EC-A370-452E-A5CD-9AD0C77839C7}.Release|x86.ActiveCfg = Release|Any CPU
		{8CB4F7EC-A370-452E-A5CD-9AD0C77839C7}.Release|x86.Build.0 = Release|Any CPU
		{73416D43-AA9A-4686-B753-86ECF7E19ECE}.Debug|Any CPU.ActiveCfg = Debug|Any CPU
		{73416D43-AA9A-4686-B753-86ECF7E19ECE}.Debug|Any CPU.Build.0 = Debug|Any CPU
		{73416D43-AA9A-4686-B753-86ECF7E19ECE}.Debug|ARM.ActiveCfg = Debug|Any CPU
		{73416D43-AA9A-4686-B753-86ECF7E19ECE}.Debug|ARM.Build.0 = Debug|Any CPU
		{73416D43-AA9A-4686-B753-86ECF7E19ECE}.Debug|ARM64.ActiveCfg = Debug|Any CPU
		{73416D43-AA9A-4686-B753-86ECF7E19ECE}.Debug|ARM64.Build.0 = Debug|Any CPU
		{73416D43-AA9A-4686-B753-86ECF7E19ECE}.Debug|x64.ActiveCfg = Debug|Any CPU
		{73416D43-AA9A-4686-B753-86ECF7E19ECE}.Debug|x64.Build.0 = Debug|Any CPU
		{73416D43-AA9A-4686-B753-86ECF7E19ECE}.Debug|x86.ActiveCfg = Debug|Any CPU
		{73416D43-AA9A-4686-B753-86ECF7E19ECE}.Debug|x86.Build.0 = Debug|Any CPU
		{73416D43-AA9A-4686-B753-86ECF7E19ECE}.Release|Any CPU.ActiveCfg = Release|Any CPU
		{73416D43-AA9A-4686-B753-86ECF7E19ECE}.Release|Any CPU.Build.0 = Release|Any CPU
		{73416D43-AA9A-4686-B753-86ECF7E19ECE}.Release|ARM.ActiveCfg = Release|Any CPU
		{73416D43-AA9A-4686-B753-86ECF7E19ECE}.Release|ARM.Build.0 = Release|Any CPU
		{73416D43-AA9A-4686-B753-86ECF7E19ECE}.Release|ARM64.ActiveCfg = Release|Any CPU
		{73416D43-AA9A-4686-B753-86ECF7E19ECE}.Release|ARM64.Build.0 = Release|Any CPU
		{73416D43-AA9A-4686-B753-86ECF7E19ECE}.Release|x64.ActiveCfg = Release|Any CPU
		{73416D43-AA9A-4686-B753-86ECF7E19ECE}.Release|x64.Build.0 = Release|Any CPU
		{73416D43-AA9A-4686-B753-86ECF7E19ECE}.Release|x86.ActiveCfg = Release|Any CPU
		{73416D43-AA9A-4686-B753-86ECF7E19ECE}.Release|x86.Build.0 = Release|Any CPU
	EndGlobalSection
	GlobalSection(SolutionProperties) = preSolution
		HideSolutionNode = FALSE
	EndGlobalSection
	GlobalSection(NestedProjects) = preSolution
		{7BEA4B98-D109-476A-8A4C-2DBEE8B157C5} = {BE02502B-9F12-464D-83BE-8E56B5812133}
		{F364D247-882B-43B0-B320-ED4158D7EECA} = {BE02502B-9F12-464D-83BE-8E56B5812133}
	EndGlobalSection
	GlobalSection(ExtensibilityGlobals) = postSolution
		SolutionGuid = {3D47BB0A-9913-49B0-ACB5-6E77FAFE38D2}
	EndGlobalSection
EndGlobal
